
Microsoft Visual Studio Solution File, Format Version 12.00
# Visual Studio Version 16
VisualStudioVersion = 16.0.29920.165
MinimumVisualStudioVersion = 10.0.40219.1
Project("{F184B08F-C81C-45F6-A57F-5ABD9991F28F}") = "Group_12_Combat_Diseases", "Group_12_Combat_Diseases\Group_12_Combat_Diseases.vbproj", "{47417139-1168-477F-B812-963CA3BD7D51}"
EndProject
Global
	GlobalSection(SolutionConfigurationPlatforms) = preSolution
		Debug|Any CPU = Debug|Any CPU
		Release|Any CPU = Release|Any CPU
	EndGlobalSection
	GlobalSection(ProjectConfigurationPlatforms) = postSolution
		{47417139-1168-477F-B812-963CA3BD7D51}.Debug|Any CPU.ActiveCfg = Debug|Any CPU
		{47417139-1168-477F-B812-963CA3BD7D51}.Debug|Any CPU.Build.0 = Debug|Any CPU
		{47417139-1168-477F-B812-963CA3BD7D51}.Release|Any CPU.ActiveCfg = Release|Any CPU
		{47417139-1168-477F-B812-963CA3BD7D51}.Release|Any CPU.Build.0 = Release|Any CPU
	EndGlobalSection
	GlobalSection(SolutionProperties) = preSolution
		HideSolutionNode = FALSE
	EndGlobalSection
	GlobalSection(ExtensibilityGlobals) = postSolution
		SolutionGuid = {E6A89542-505C-4824-A44F-7006A1C12ADF}
	EndGlobalSection
EndGlobal
